
Microsoft Visual Studio Solution File, Format Version 12.00
# Visual Studio Version 16
VisualStudioVersion = 16.0.30804.86
MinimumVisualStudioVersion = 10.0.40219.1
Project("{8BC9CEB8-8B4A-11D0-8D11-00A0C91BC942}") = "Text", "Text\Text.vcxproj", "{EF8908DE-DEA5-4B6F-9139-A21E8210BBEA}"
EndProject
Global
	GlobalSection(SolutionConfigurationPlatforms) = preSolution
		Debug|x64 = Debug|x64
		Debug|x86 = Debug|x86
		Release|x64 = Release|x64
		Release|x86 = Release|x86
	EndGlobalSection
	GlobalSection(ProjectConfigurationPlatforms) = postSolution
		{EF8908DE-DEA5-4B6F-9139-A21E8210BBEA}.Debug|x64.ActiveCfg = Debug|x64
		{EF8908DE-DEA5-4B6F-9139-A21E8210BBEA}.Debug|x64.Build.0 = Debug|x64
		{EF8908DE-DEA5-4B6F-9139-A21E8210BBEA}.Debug|x86.ActiveCfg = Debug|Win32
		{EF8908DE-DEA5-4B6F-9139-A21E8210BBEA}.Debug|x86.Build.0 = Debug|Win32
		{EF8908DE-DEA5-4B6F-9139-A21E8210BBEA}.Release|x64.ActiveCfg = Release|x64
		{EF8908DE-DEA5-4B6F-9139-A21E8210BBEA}.Release|x64.Build.0 = Release|x64
		{EF8908DE-DEA5-4B6F-9139-A21E8210BBEA}.Release|x86.ActiveCfg = Release|Win32
		{EF8908DE-DEA5-4B6F-9139-A21E8210BBEA}.Release|x86.Build.0 = Release|Win32
	EndGlobalSection
	GlobalSection(SolutionProperties) = preSolution
		HideSolutionNode = FALSE
	EndGlobalSection
	GlobalSection(ExtensibilityGlobals) = postSolution
		SolutionGuid = {1A5FFC0D-98CC-4F2E-BECD-F07FA822716B}
	EndGlobalSection
EndGlobal
